PODS:
  - DummyLib (1.0):
    - Kingfisher (~> 7)
  - Kingfisher (7.1.0)
  - Nimble (9.2.1)

DEPENDENCIES:
  - DummyLib (from `DummyLib/`)
  - Kingfisher
  - Nimble

SPEC REPOS:
  trunk:
    - Kingfisher
    - Nimble

EXTERNAL SOURCES:
  DummyLib:
    :path: DummyLib/

SPEC CHECKSUMS:
  DummyLib: 4a3c5d2af3f71fefcecd783c275591c2af2fee6e
  Kingfisher: cdabaf49be7ee7cc124f0f276b355edf61903cf8
  Nimble: e7e615c0335ee4bf5b0d786685451e62746117d5

PODFILE CHECKSUM: 7f931e1825f7e0b2cbd5e08825a4790687a7069c

COCOAPODS: 1.11.2
