// !$*UTF8*$!
{
	archiveVersion = 1;
	classes = {
	};
	objectVersion = 55;
	objects = {

/* Begin PBXBuildFile section */
		001FC253272C4E3900D15079 /* AppDelegate.swift in Sources */ = {isa = PBXBuildFile; fileRef = 001FC252272C4E3900D15079 /* AppDelegate.swift */; };
		001FC255272C4E3900D15079 /* SceneDelegate.swift in Sources */ = {isa = PBXBuildFile; fileRef = 001FC254272C4E3900D15079 /* SceneDelegate.swift */; };
		001FC257272C4E3900D15079 /* ViewController.swift in Sources */ = {isa = PBXBuildFile; fileRef = 001FC256272C4E3900D15079 /* ViewController.swift */; };
		001FC25A272C4E3900D15079 /* Main.storyboard in Resources */ = {isa = PBXBuildFile; fileRef = 001FC258272C4E3900D15079 /* Main.storyboard */; };
		001FC25C272C4E3B00D15079 /* Assets.xcassets in Resources */ = {isa = PBXBuildFile; fileRef = 001FC25B272C4E3B00D15079 /* Assets.xcassets */; };
		001FC25F272C4E3B00D15079 /* LaunchScreen.storyboard in Resources */ = {isa = PBXBuildFile; fileRef = 001FC25D272C4E3B00D15079 /* LaunchScreen.storyboard */; };
		001FC2CD272C598200D15079 /* DummyLib.framework in Frameworks */ = {isa = PBXBuildFile; fileRef = 001FC2CC272C598200D15079 /* DummyLib.framework */; };
		001FC2CE272C598200D15079 /* DummyLib.framework in Embed Frameworks */ = {isa = PBXBuildFile; fileRef = 001FC2CC272C598200D15079 /* DummyLib.framework */; settings = {ATTRIBUTES = (CodeSignOnCopy, RemoveHeadersOnCopy, ); }; };
		501908E01D1376B145CF3DF0 /* Pods_DummyApp.framework in Frameworks */ = {isa = PBXBuildFile; fileRef = 26DD1EC52E2148B6EE905E44 /* Pods_DummyApp.framework */; };
/* End PBXBuildFile section */

/* Begin PBXCopyFilesBuildPhase section */
		001FC2CF272C598200D15079 /* Embed Frameworks */ = {
			isa = PBXCopyFilesBuildPhase;
			buildActionMask = 2147483647;
			dstPath = "";
			dstSubfolderSpec = 10;
			files = (
				001FC2CE272C598200D15079 /* DummyLib.framework in Embed Frameworks */,
			);
			name = "Embed Frameworks";
			runOnlyForDeploymentPostprocessing = 0;
		};
/* End PBXCopyFilesBuildPhase section */

/* Begin PBXFileReference section */
		001FC24F272C4E3900D15079 /* DummyApp.app */ = {isa = PBXFileReference; explicitFileType = wrapper.application; includeInIndex = 0; path = DummyApp.app; sourceTree = BUILT_PRODUCTS_DIR; };
		001FC252272C4E3900D15079 /* AppDelegate.swift */ = {isa = PBXFileReference; lastKnownFileType = sourcecode.swift; path = AppDelegate.swift; sourceTree = "<group>"; };
		001FC254272C4E3900D15079 /* SceneDelegate.swift */ = {isa = PBXFileReference; lastKnownFileType = sourcecode.swift; path = SceneDelegate.swift; sourceTree = "<group>"; };
		001FC256272C4E3900D15079 /* ViewController.swift */ = {isa = PBXFileReference; lastKnownFileType = sourcecode.swift; path = ViewController.swift; sourceTree = "<group>"; };
		001FC259272C4E3900D15079 /* Base */ = {isa = PBXFileReference; lastKnownFileType = file.storyboard; name = Base; path = Base.lproj/Main.storyboard; sourceTree = "<group>"; };
		001FC25B272C4E3B00D15079 /* Assets.xcassets */ = {isa = PBXFileReference; lastKnownFileType = folder.assetcatalog; path = Assets.xcassets; sourceTree = "<group>"; };
		001FC25E272C4E3B00D15079 /* Base */ = {isa = PBXFileReference; lastKnownFileType = file.storyboard; name = Base; path = Base.lproj/LaunchScreen.storyboard; sourceTree = "<group>"; };
		001FC260272C4E3B00D15079 /* Info.plist */ = {isa = PBXFileReference; lastKnownFileType = text.plist.xml; path = Info.plist; sourceTree = "<group>"; };
		001FC2CC272C598200D15079 /* DummyLib.framework */ = {isa = PBXFileReference; explicitFileType = wrapper.framework; path = DummyLib.framework; sourceTree = BUILT_PRODUCTS_DIR; };
		04136CFF0691F52B3BDBDB0B /* Pods-DummyApp.production appstore.xcconfig */ = {isa = PBXFileReference; includeInIndex = 1; lastKnownFileType = text.xcconfig; name = "Pods-DummyApp.production appstore.xcconfig"; path = "Target Support Files/Pods-DummyApp/Pods-DummyApp.production appstore.xcconfig"; sourceTree = "<group>"; };
		1FB355CD1F0D771202C27DB0 /* Pods-DummyApp.staging adhoc.xcconfig */ = {isa = PBXFileReference; includeInIndex = 1; lastKnownFileType = text.xcconfig; name = "Pods-DummyApp.staging adhoc.xcconfig"; path = "Target Support Files/Pods-DummyApp/Pods-DummyApp.staging adhoc.xcconfig"; sourceTree = "<group>"; };
		26DD1EC52E2148B6EE905E44 /* Pods_DummyApp.framework */ = {isa = PBXFileReference; explicitFileType = wrapper.framework; includeInIndex = 0; path = Pods_DummyApp.framework; sourceTree = BUILT_PRODUCTS_DIR; };
		6C1A3B29F1FD9805C174A461 /* Pods-DummyApp.staging debug.xcconfig */ = {isa = PBXFileReference; includeInIndex = 1; lastKnownFileType = text.xcconfig; name = "Pods-DummyApp.staging debug.xcconfig"; path = "Target Support Files/Pods-DummyApp/Pods-DummyApp.staging debug.xcconfig"; sourceTree = "<group>"; };
		7E69D1FC0365EFAF335222A4 /* Pods-DummyApp.release.xcconfig */ = {isa = PBXFileReference; includeInIndex = 1; lastKnownFileType = text.xcconfig; name = "Pods-DummyApp.release.xcconfig"; path = "Target Support Files/Pods-DummyApp/Pods-DummyApp.release.xcconfig"; sourceTree = "<group>"; };
		EACA4B2F4E8C99BBBADC613C /* Pods-DummyApp.staging appstore.xcconfig */ = {isa = PBXFileReference; includeInIndex = 1; lastKnownFileType = text.xcconfig; name = "Pods-DummyApp.staging appstore.xcconfig"; path = "Target Support Files/Pods-DummyApp/Pods-DummyApp.staging appstore.xcconfig"; sourceTree = "<group>"; };
		EB8669D4ED2A0C3E0C0A865B /* Pods-DummyApp.production debug.xcconfig */ = {isa = PBXFileReference; includeInIndex = 1; lastKnownFileType = text.xcconfig; name = "Pods-DummyApp.production debug.xcconfig"; path = "Target Support Files/Pods-DummyApp/Pods-DummyApp.production debug.xcconfig"; sourceTree = "<group>"; };
		F76D6911AD36075FB9940210 /* Pods-DummyApp.debug.xcconfig */ = {isa = PBXFileReference; includeInIndex = 1; lastKnownFileType = text.xcconfig; name = "Pods-DummyApp.debug.xcconfig"; path = "Target Support Files/Pods-DummyApp/Pods-DummyApp.debug.xcconfig"; sourceTree = "<group>"; };
/* End PBXFileReference section */

/* Begin PBXFrameworksBuildPhase section */
		001FC24C272C4E3900D15079 /* Frameworks */ = {
			isa = PBXFrameworksBuildPhase;
			buildActionMask = 2147483647;
			files = (
				501908E01D1376B145CF3DF0 /* Pods_DummyApp.framework in Frameworks */,
				001FC2CD272C598200D15079 /* DummyLib.framework in Frameworks */,
			);
			runOnlyForDeploymentPostprocessing = 0;
		};
/* End PBXFrameworksBuildPhase section */

/* Begin PBXGroup section */
		001FC246272C4E3900D15079 = {
			isa = PBXGroup;
			children = (
				001FC251272C4E3900D15079 /* DummyApp */,
				001FC250272C4E3900D15079 /* Products */,
				30FCA638F93DEB178024071B /* Pods */,
				BD1D6F0B619D4004264E67D6 /* Frameworks */,
			);
			sourceTree = "<group>";
		};
		001FC250272C4E3900D15079 /* Products */ = {
			isa = PBXGroup;
			children = (
				001FC24F272C4E3900D15079 /* DummyApp.app */,
			);
			name = Products;
			sourceTree = "<group>";
		};
		001FC251272C4E3900D15079 /* DummyApp */ = {
			isa = PBXGroup;
			children = (
				001FC252272C4E3900D15079 /* AppDelegate.swift */,
				001FC254272C4E3900D15079 /* SceneDelegate.swift */,
				001FC256272C4E3900D15079 /* ViewController.swift */,
				001FC258272C4E3900D15079 /* Main.storyboard */,
				001FC25B272C4E3B00D15079 /* Assets.xcassets */,
				001FC25D272C4E3B00D15079 /* LaunchScreen.storyboard */,
				001FC260272C4E3B00D15079 /* Info.plist */,
			);
			path = DummyApp;
			sourceTree = "<group>";
		};
		30FCA638F93DEB178024071B /* Pods */ = {
			isa = PBXGroup;
			children = (
				F76D6911AD36075FB9940210 /* Pods-DummyApp.debug.xcconfig */,
				7E69D1FC0365EFAF335222A4 /* Pods-DummyApp.release.xcconfig */,
				6C1A3B29F1FD9805C174A461 /* Pods-DummyApp.staging debug.xcconfig */,
				EB8669D4ED2A0C3E0C0A865B /* Pods-DummyApp.production debug.xcconfig */,
				04136CFF0691F52B3BDBDB0B /* Pods-DummyApp.production appstore.xcconfig */,
				1FB355CD1F0D771202C27DB0 /* Pods-DummyApp.staging adhoc.xcconfig */,
				EACA4B2F4E8C99BBBADC613C /* Pods-DummyApp.staging appstore.xcconfig */,
			);
			path = Pods;
			sourceTree = "<group>";
		};
		BD1D6F0B619D4004264E67D6 /* Frameworks */ = {
			isa = PBXGroup;
			children = (
				001FC2CC272C598200D15079 /* DummyLib.framework */,
				26DD1EC52E2148B6EE905E44 /* Pods_DummyApp.framework */,
			);
			name = Frameworks;
			sourceTree = "<group>";
		};
/* End PBXGroup section */

/* Begin PBXNativeTarget section */
		001FC24E272C4E3900D15079 /* DummyApp */ = {
			isa = PBXNativeTarget;
			buildConfigurationList = 001FC263272C4E3B00D15079 /* Build configuration list for PBXNativeTarget "DummyApp" */;
			buildPhases = (
				0BFFABBEA9FDC5F849C75AAD /* [CP] Check Pods Manifest.lock */,
				001FC24B272C4E3900D15079 /* Sources */,
				001FC24C272C4E3900D15079 /* Frameworks */,
				001FC24D272C4E3900D15079 /* Resources */,
				C272D6B67AB792525A05773B /* [CP] Embed Pods Frameworks */,
				001FC2CF272C598200D15079 /* Embed Frameworks */,
			);
			buildRules = (
			);
			dependencies = (
			);
			name = DummyApp;
			productName = DummyApp;
			productReference = 001FC24F272C4E3900D15079 /* DummyApp.app */;
			productType = "com.apple.product-type.application";
		};
/* End PBXNativeTarget section */

/* Begin PBXProject section */
		001FC247272C4E3900D15079 /* Project object */ = {
			isa = PBXProject;
			attributes = {
				BuildIndependentTargetsInParallel = 1;
				LastSwiftUpdateCheck = 1310;
				LastUpgradeCheck = 1310;
				TargetAttributes = {
					001FC24E272C4E3900D15079 = {
						CreatedOnToolsVersion = 13.1;
					};
				};
			};
			buildConfigurationList = 001FC24A272C4E3900D15079 /* Build configuration list for PBXProject "DummyApp" */;
			compatibilityVersion = "Xcode 13.0";
			developmentRegion = en;
			hasScannedForEncodings = 0;
			knownRegions = (
				en,
				Base,
			);
			mainGroup = 001FC246272C4E3900D15079;
			productRefGroup = 001FC250272C4E3900D15079 /* Products */;
			projectDirPath = "";
			projectRoot = "";
			targets = (
				001FC24E272C4E3900D15079 /* DummyApp */,
			);
		};
/* End PBXProject section */

/* Begin PBXResourcesBuildPhase section */
		001FC24D272C4E3900D15079 /* Resources */ = {
			isa = PBXResourcesBuildPhase;
			buildActionMask = 2147483647;
			files = (
				001FC25F272C4E3B00D15079 /* LaunchScreen.storyboard in Resources */,
				001FC25C272C4E3B00D15079 /* Assets.xcassets in Resources */,
				001FC25A272C4E3900D15079 /* Main.storyboard in Resources */,
			);
			runOnlyForDeploymentPostprocessing = 0;
		};
/* End PBXResourcesBuildPhase section */

/* Begin PBXShellScriptBuildPhase section */
		0BFFABBEA9FDC5F849C75AAD /* [CP] Check Pods Manifest.lock */ = {
			isa = PBXShellScriptBuildPhase;
			buildActionMask = 2147483647;
			files = (
			);
			inputFileListPaths = (
			);
			inputPaths = (
				"${PODS_PODFILE_DIR_PATH}/Podfile.lock",
				"${PODS_ROOT}/Manifest.lock",
			);
			name = "[CP] Check Pods Manifest.lock";
			outputFileListPaths = (
			);
			outputPaths = (
				"$(DERIVED_FILE_DIR)/Pods-DummyApp-checkManifestLockResult.txt",
			);
			runOnlyForDeploymentPostprocessing = 0;
			shellPath = /bin/sh;
			shellScript = "diff \"${PODS_PODFILE_DIR_PATH}/Podfile.lock\" \"${PODS_ROOT}/Manifest.lock\" > /dev/null\nif [ $? != 0 ] ; then\n    # print error to STDERR\n    echo \"error: The sandbox is not in sync with the Podfile.lock. Run 'pod install' or update your CocoaPods installation.\" >&2\n    exit 1\nfi\n# This output is used by Xcode 'outputs' to avoid re-running this script phase.\necho \"SUCCESS\" > \"${SCRIPT_OUTPUT_FILE_0}\"\n";
			showEnvVarsInLog = 0;
		};
		C272D6B67AB792525A05773B /* [CP] Embed Pods Frameworks */ = {
			isa = PBXShellScriptBuildPhase;
			buildActionMask = 2147483647;
			files = (
			);
			inputFileListPaths = (
				"${PODS_ROOT}/Target Support Files/Pods-DummyApp/Pods-DummyApp-frameworks-${CONFIGURATION}-input-files.xcfilelist",
			);
			name = "[CP] Embed Pods Frameworks";
			outputFileListPaths = (
				"${PODS_ROOT}/Target Support Files/Pods-DummyApp/Pods-DummyApp-frameworks-${CONFIGURATION}-output-files.xcfilelist",
			);
			runOnlyForDeploymentPostprocessing = 0;
			shellPath = /bin/sh;
			shellScript = "\"${PODS_ROOT}/Target Support Files/Pods-DummyApp/Pods-DummyApp-frameworks.sh\"\n";
			showEnvVarsInLog = 0;
		};
/* End PBXShellScriptBuildPhase section */

/* Begin PBXSourcesBuildPhase section */
		001FC24B272C4E3900D15079 /* Sources */ = {
			isa = PBXSourcesBuildPhase;
			buildActionMask = 2147483647;
			files = (
				001FC257272C4E3900D15079 /* ViewController.swift in Sources */,
				001FC253272C4E3900D15079 /* AppDelegate.swift in Sources */,
				001FC255272C4E3900D15079 /* SceneDelegate.swift in Sources */,
			);
			runOnlyForDeploymentPostprocessing = 0;
		};
/* End PBXSourcesBuildPhase section */

/* Begin PBXVariantGroup section */
		001FC258272C4E3900D15079 /* Main.storyboard */ = {
			isa = PBXVariantGroup;
			children = (
				001FC259272C4E3900D15079 /* Base */,
			);
			name = Main.storyboard;
			sourceTree = "<group>";
		};
		001FC25D272C4E3B00D15079 /* LaunchScreen.storyboard */ = {
			isa = PBXVariantGroup;
			children = (
				001FC25E272C4E3B00D15079 /* Base */,
			);
			name = LaunchScreen.storyboard;
			sourceTree = "<group>";
		};
/* End PBXVariantGroup section */

/* Begin XCBuildConfiguration section */
		001FC261272C4E3B00D15079 /* Debug */ = {
			isa = XCBuildConfiguration;
			buildSettings = {
				ALWAYS_SEARCH_USER_PATHS = NO;
				CLANG_ANALYZER_NONNULL = YES;
				CLANG_ANALYZER_NUMBER_OBJECT_CONVERSION = YES_AGGRESSIVE;
				CLANG_CXX_LANGUAGE_STANDARD = "gnu++17";
				CLANG_CXX_LIBRARY = "libc++";
				CLANG_ENABLE_MODULES = YES;
				CLANG_ENABLE_OBJC_ARC = YES;
				CLANG_ENABLE_OBJC_WEAK = YES;
				CLANG_WARN_BLOCK_CAPTURE_AUTORELEASING = YES;
				CLANG_WARN_BOOL_CONVERSION = YES;
				CLANG_WARN_COMMA = YES;
				CLANG_WARN_CONSTANT_CONVERSION = YES;
				CLANG_WARN_DEPRECATED_OBJC_IMPLEMENTATIONS = YES;
				CLANG_WARN_DIRECT_OBJC_ISA_USAGE = YES_ERROR;
				CLANG_WARN_DOCUMENTATION_COMMENTS = YES;
				CLANG_WARN_EMPTY_BODY = YES;
				CLANG_WARN_ENUM_CONVERSION = YES;
				CLANG_WARN_INFINITE_RECURSION = YES;
				CLANG_WARN_INT_CONVERSION = YES;
				CLANG_WARN_NON_LITERAL_NULL_CONVERSION = YES;
				CLANG_WARN_OBJC_IMPLICIT_RETAIN_SELF = YES;
				CLANG_WARN_OBJC_LITERAL_CONVERSION = YES;
				CLANG_WARN_OBJC_ROOT_CLASS = YES_ERROR;
				CLANG_WARN_QUOTED_INCLUDE_IN_FRAMEWORK_HEADER = YES;
				CLANG_WARN_RANGE_LOOP_ANALYSIS = YES;
				CLANG_WARN_STRICT_PROTOTYPES = YES;
				CLANG_WARN_SUSPICIOUS_MOVE = YES;
				CLANG_WARN_UNGUARDED_AVAILABILITY = YES_AGGRESSIVE;
				CLANG_WARN_UNREACHABLE_CODE = YES;
				CLANG_WARN__DUPLICATE_METHOD_MATCH = YES;
				COPY_PHASE_STRIP = NO;
				DEBUG_INFORMATION_FORMAT = dwarf;
				ENABLE_STRICT_OBJC_MSGSEND = YES;
				ENABLE_TESTABILITY = YES;
				GCC_C_LANGUAGE_STANDARD = gnu11;
				GCC_DYNAMIC_NO_PIC = NO;
				GCC_NO_COMMON_BLOCKS = YES;
				GCC_OPTIMIZATION_LEVEL = 0;
				GCC_PREPROCESSOR_DEFINITIONS = (
					"DEBUG=1",
					"$(inherited)",
				);
				GCC_WARN_64_TO_32_BIT_CONVERSION = YES;
				GCC_WARN_ABOUT_RETURN_TYPE = YES_ERROR;
				GCC_WARN_UNDECLARED_SELECTOR = YES;
				GCC_WARN_UNINITIALIZED_AUTOS = YES_AGGRESSIVE;
				GCC_WARN_UNUSED_FUNCTION = YES;
				GCC_WARN_UNUSED_VARIABLE = YES;
				IPHONEOS_DEPLOYMENT_TARGET = 13.0;
				MTL_ENABLE_DEBUG_INFO = INCLUDE_SOURCE;
				MTL_FAST_MATH = YES;
				ONLY_ACTIVE_ARCH = YES;
				SDKROOT = iphoneos;
				SWIFT_ACTIVE_COMPILATION_CONDITIONS = DEBUG;
				SWIFT_OPTIMIZATION_LEVEL = "-Onone";
			};
			name = Debug;
		};
		001FC262272C4E3B00D15079 /* Release */ = {
			isa = XCBuildConfiguration;
			buildSettings = {
				ALWAYS_SEARCH_USER_PATHS = NO;
				CLANG_ANALYZER_NONNULL = YES;
				CLANG_ANALYZER_NUMBER_OBJECT_CONVERSION = YES_AGGRESSIVE;
				CLANG_CXX_LANGUAGE_STANDARD = "gnu++17";
				CLANG_CXX_LIBRARY = "libc++";
				CLANG_ENABLE_MODULES = YES;
				CLANG_ENABLE_OBJC_ARC = YES;
				CLANG_ENABLE_OBJC_WEAK = YES;
				CLANG_WARN_BLOCK_CAPTURE_AUTORELEASING = YES;
				CLANG_WARN_BOOL_CONVERSION = YES;
				CLANG_WARN_COMMA = YES;
				CLANG_WARN_CONSTANT_CONVERSION = YES;
				CLANG_WARN_DEPRECATED_OBJC_IMPLEMENTATIONS = YES;
				CLANG_WARN_DIRECT_OBJC_ISA_USAGE = YES_ERROR;
				CLANG_WARN_DOCUMENTATION_COMMENTS = YES;
				CLANG_WARN_EMPTY_BODY = YES;
				CLANG_WARN_ENUM_CONVERSION = YES;
				CLANG_WARN_INFINITE_RECURSION = YES;
				CLANG_WARN_INT_CONVERSION = YES;
				CLANG_WARN_NON_LITERAL_NULL_CONVERSION = YES;
				CLANG_WARN_OBJC_IMPLICIT_RETAIN_SELF = YES;
				CLANG_WARN_OBJC_LITERAL_CONVERSION = YES;
				CLANG_WARN_OBJC_ROOT_CLASS = YES_ERROR;
				CLANG_WARN_QUOTED_INCLUDE_IN_FRAMEWORK_HEADER = YES;
				CLANG_WARN_RANGE_LOOP_ANALYSIS = YES;
				CLANG_WARN_STRICT_PROTOTYPES = YES;
				CLANG_WARN_SUSPICIOUS_MOVE = YES;
				CLANG_WARN_UNGUARDED_AVAILABILITY = YES_AGGRESSIVE;
				CLANG_WARN_UNREACHABLE_CODE = YES;
				CLANG_WARN__DUPLICATE_METHOD_MATCH = YES;
				COPY_PHASE_STRIP = NO;
				DEBUG_INFORMATION_FORMAT = "dwarf-with-dsym";
				ENABLE_NS_ASSERTIONS = NO;
				ENABLE_STRICT_OBJC_MSGSEND = YES;
				GCC_C_LANGUAGE_STANDARD = gnu11;
				GCC_NO_COMMON_BLOCKS = YES;
				GCC_WARN_64_TO_32_BIT_CONVERSION = YES;
				GCC_WARN_ABOUT_RETURN_TYPE = YES_ERROR;
				GCC_WARN_UNDECLARED_SELECTOR = YES;
				GCC_WARN_UNINITIALIZED_AUTOS = YES_AGGRESSIVE;
				GCC_WARN_UNUSED_FUNCTION = YES;
				GCC_WARN_UNUSED_VARIABLE = YES;
				IPHONEOS_DEPLOYMENT_TARGET = 13.0;
				MTL_ENABLE_DEBUG_INFO = NO;
				MTL_FAST_MATH = YES;
				SDKROOT = iphoneos;
				SWIFT_COMPILATION_MODE = wholemodule;
				SWIFT_OPTIMIZATION_LEVEL = "-O";
				VALIDATE_PRODUCT = YES;
			};
			name = Release;
		};
		001FC264272C4E3B00D15079 /* Debug */ = {
			isa = XCBuildConfiguration;
			baseConfigurationReference = F76D6911AD36075FB9940210 /* Pods-DummyApp.debug.xcconfig */;
			buildSettings = {
				ASSETCATALOG_COMPILER_APPICON_NAME = AppIcon;
				ASSETCATALOG_COMPILER_GLOBAL_ACCENT_COLOR_NAME = AccentColor;
				CODE_SIGN_STYLE = Automatic;
				CURRENT_PROJECT_VERSION = 1;
				DEVELOPMENT_TEAM = WQZAS9MU85;
				GENERATE_INFOPLIST_FILE = YES;
				INFOPLIST_FILE = DummyApp/Info.plist;
				INFOPLIST_KEY_UIApplicationSupportsIndirectInputEvents = YES;
				INFOPLIST_KEY_UILaunchStoryboardName = LaunchScreen;
				INFOPLIST_KEY_UIMainStoryboardFile = Main;
				INFOPLIST_KEY_UISupportedInterfaceOrientations_iPad = "UIInterfaceOrientationPortrait UIInterfaceOrientationPortraitUpsideDown UIInterfaceOrientationLandscapeLeft UIInterfaceOrientationLandscapeRight";
				INFOPLIST_KEY_UISupportedInterfaceOrientations_iPhone = "UIInterfaceOrientationPortrait UIInterfaceOrientationLandscapeLeft UIInterfaceOrientationLandscapeRight";
				LD_RUNPATH_SEARCH_PATHS = (
					"$(inherited)",
					"@executable_path/Frameworks",
				);
				MARKETING_VERSION = 1.0;
				PRODUCT_BUNDLE_IDENTIFIER = com.kinzoo.DummyApp;
				PRODUCT_NAME = "$(TARGET_NAME)";
				SWIFT_EMIT_LOC_STRINGS = YES;
				SWIFT_VERSION = 5.0;
				TARGETED_DEVICE_FAMILY = "1,2";
			};
			name = Debug;
		};
		001FC265272C4E3B00D15079 /* Release */ = {
			isa = XCBuildConfiguration;
			baseConfigurationReference = 7E69D1FC0365EFAF335222A4 /* Pods-DummyApp.release.xcconfig */;
			buildSettings = {
				ASSETCATALOG_COMPILER_APPICON_NAME = AppIcon;
				ASSETCATALOG_COMPILER_GLOBAL_ACCENT_COLOR_NAME = AccentColor;
				CODE_SIGN_STYLE = Automatic;
				CURRENT_PROJECT_VERSION = 1;
				DEVELOPMENT_TEAM = WQZAS9MU85;
				GENERATE_INFOPLIST_FILE = YES;
				INFOPLIST_FILE = DummyApp/Info.plist;
				INFOPLIST_KEY_UIApplicationSupportsIndirectInputEvents = YES;
				INFOPLIST_KEY_UILaunchStoryboardName = LaunchScreen;
				INFOPLIST_KEY_UIMainStoryboardFile = Main;
				INFOPLIST_KEY_UISupportedInterfaceOrientations_iPad = "UIInterfaceOrientationPortrait UIInterfaceOrientationPortraitUpsideDown UIInterfaceOrientationLandscapeLeft UIInterfaceOrientationLandscapeRight";
				INFOPLIST_KEY_UISupportedInterfaceOrientations_iPhone = "UIInterfaceOrientationPortrait UIInterfaceOrientationLandscapeLeft UIInterfaceOrientationLandscapeRight";
				LD_RUNPATH_SEARCH_PATHS = (
					"$(inherited)",
					"@executable_path/Frameworks",
				);
				MARKETING_VERSION = 1.0;
				PRODUCT_BUNDLE_IDENTIFIER = com.kinzoo.DummyApp;
				PRODUCT_NAME = "$(TARGET_NAME)";
				SWIFT_EMIT_LOC_STRINGS = YES;
				SWIFT_VERSION = 5.0;
				TARGETED_DEVICE_FAMILY = "1,2";
			};
			name = Release;
		};
/* End XCBuildConfiguration section */

/* Begin XCConfigurationList section */
		001FC24A272C4E3900D15079 /* Build configuration list for PBXProject "DummyApp" */ = {
			isa = XCConfigurationList;
			buildConfigurations = (
				001FC261272C4E3B00D15079 /* Debug */,
				001FC262272C4E3B00D15079 /* Release */,
			);
			defaultConfigurationIsVisible = 0;
			defaultConfigurationName = Release;
		};
		001FC263272C4E3B00D15079 /* Build configuration list for PBXNativeTarget "DummyApp" */ = {
			isa = XCConfigurationList;
			buildConfigurations = (
				001FC264272C4E3B00D15079 /* Debug */,
				001FC265272C4E3B00D15079 /* Release */,
			);
			defaultConfigurationIsVisible = 0;
			defaultConfigurationName = Release;
		};
/* End XCConfigurationList section */
	};
	rootObject = 001FC247272C4E3900D15079 /* Project object */;
}
